// !$*UTF8*$!
{
	archiveVersion = 1;
	classes = {
	};
	objectVersion = 48;
	objects = {

/* Begin PBXBuildFile section */
		F33926A71F942D5A00458551 /* PlaybackAudioViewController.swift in Sources */ = {isa = PBXBuildFile; fileRef = F33926A61F942D5A00458551 /* PlaybackAudioViewController.swift */; };
		F33926A91F94582600458551 /* PlaybackAudioViewController+Audio.swift in Sources */ = {isa = PBXBuildFile; fileRef = F33926A81F94582600458551 /* PlaybackAudioViewController+Audio.swift */; };
		F33926B11F9509C400458551 /* Default-568h@2x.png in Resources */ = {isa = PBXBuildFile; fileRef = F33926B01F9509C400458551 /* Default-568h@2x.png */; };
		F33926B51F958A8500458551 /* UIViewController+Utils.swift in Sources */ = {isa = PBXBuildFile; fileRef = F33926B41F958A8500458551 /* UIViewController+Utils.swift */; };
		F37694541F965C99003C4325 /* RecordAudioViewController+AVAudioRecorder.swift in Sources */ = {isa = PBXBuildFile; fileRef = F37694531F965C99003C4325 /* RecordAudioViewController+AVAudioRecorder.swift */; };
		F37694561F965E77003C4325 /* RecordAudioViewController+UIConfiguration.swift in Sources */ = {isa = PBXBuildFile; fileRef = F37694551F965E77003C4325 /* RecordAudioViewController+UIConfiguration.swift */; };
		F397A4961F939FBD008C9D8A /* AppDelegate.swift in Sources */ = {isa = PBXBuildFile; fileRef = F397A4951F939FBD008C9D8A /* AppDelegate.swift */; };
		F397A4981F939FBD008C9D8A /* RecordAudioViewController.swift in Sources */ = {isa = PBXBuildFile; fileRef = F397A4971F939FBD008C9D8A /* RecordAudioViewController.swift */; };
		F397A49B1F939FBD008C9D8A /* Main.storyboard in Resources */ = {isa = PBXBuildFile; fileRef = F397A4991F939FBD008C9D8A /* Main.storyboard */; };
		F397A49D1F939FBD008C9D8A /* Assets.xcassets in Resources */ = {isa = PBXBuildFile; fileRef = F397A49C1F939FBD008C9D8A /* Assets.xcassets */; };
		F397A4A01F939FBD008C9D8A /* LaunchScreen.storyboard in Resources */ = {isa = PBXBuildFile; fileRef = F397A49E1F939FBD008C9D8A /* LaunchScreen.storyboard */; };
/* End PBXBuildFile section */

/* Begin PBXFileReference section */
		F33926A61F942D5A00458551 /* PlaybackAudioViewController.swift */ = {isa = PBXFileReference; lastKnownFileType = sourcecode.swift; path = PlaybackAudioViewController.swift; sourceTree = "<group>"; };
		F33926A81F94582600458551 /* PlaybackAudioViewController+Audio.swift */ = {isa = PBXFileReference; lastKnownFileType = sourcecode.swift; path = "PlaybackAudioViewController+Audio.swift"; sourceTree = "<group>"; };
		F33926B01F9509C400458551 /* Default-568h@2x.png */ = {isa = PBXFileReference; lastKnownFileType = image.png; path = "Default-568h@2x.png"; sourceTree = "<group>"; };
		F33926B41F958A8500458551 /* UIViewController+Utils.swift */ = {isa = PBXFileReference; lastKnownFileType = sourcecode.swift; path = "UIViewController+Utils.swift"; sourceTree = "<group>"; };
		F37694531F965C99003C4325 /* RecordAudioViewController+AVAudioRecorder.swift */ = {isa = PBXFileReference; lastKnownFileType = sourcecode.swift; path = "RecordAudioViewController+AVAudioRecorder.swift"; sourceTree = "<group>"; };
		F37694551F965E77003C4325 /* RecordAudioViewController+UIConfiguration.swift */ = {isa = PBXFileReference; lastKnownFileType = sourcecode.swift; path = "RecordAudioViewController+UIConfiguration.swift"; sourceTree = "<group>"; };
		F397A4921F939FBD008C9D8A /* PitchPerfect.app */ = {isa = PBXFileReference; explicitFileType = wrapper.application; includeInIndex = 0; path = PitchPerfect.app; sourceTree = BUILT_PRODUCTS_DIR; };
		F397A4951F939FBD008C9D8A /* AppDelegate.swift */ = {isa = PBXFileReference; lastKnownFileType = sourcecode.swift; path = AppDelegate.swift; sourceTree = "<group>"; };
		F397A4971F939FBD008C9D8A /* RecordAudioViewController.swift */ = {isa = PBXFileReference; lastKnownFileType = sourcecode.swift; path = RecordAudioViewController.swift; sourceTree = "<group>"; };
		F397A49A1F939FBD008C9D8A /* Base */ = {isa = PBXFileReference; lastKnownFileType = file.storyboard; name = Base; path = Base.lproj/Main.storyboard; sourceTree = "<group>"; };
		F397A49C1F939FBD008C9D8A /* Assets.xcassets */ = {isa = PBXFileReference; lastKnownFileType = folder.assetcatalog; path = Assets.xcassets; sourceTree = "<group>"; };
		F397A49F1F939FBD008C9D8A /* Base */ = {isa = PBXFileReference; lastKnownFileType = file.storyboard; name = Base; path = Base.lproj/LaunchScreen.storyboard; sourceTree = "<group>"; };
		F397A4A11F939FBD008C9D8A /* Info.plist */ = {isa = PBXFileReference; lastKnownFileType = text.plist.xml; path = Info.plist; sourceTree = "<group>"; };
/* End PBXFileReference section */

/* Begin PBXFrameworksBuildPhase section */
		F397A48F1F939FBD008C9D8A /* Frameworks */ = {
			isa = PBXFrameworksBuildPhase;
			buildActionMask = 2147483647;
			files = (
			);
			runOnlyForDeploymentPostprocessing = 0;
		};
/* End PBXFrameworksBuildPhase section */

/* Begin PBXGroup section */
		F33926AA1F95093A00458551 /* Controller */ = {
			isa = PBXGroup;
			children = (
				F33926AF1F95097500458551 /* Record Audio */,
				F33926AE1F95096500458551 /* Playback Audio */,
			);
			path = Controller;
			sourceTree = "<group>";
		};
		F33926AB1F95094900458551 /* Storyboards */ = {
			isa = PBXGroup;
			children = (
				F397A4991F939FBD008C9D8A /* Main.storyboard */,
				F397A49E1F939FBD008C9D8A /* LaunchScreen.storyboard */,
			);
			path = Storyboards;
			sourceTree = "<group>";
		};
		F33926AC1F95095200458551 /* Assets */ = {
			isa = PBXGroup;
			children = (
				F397A49C1F939FBD008C9D8A /* Assets.xcassets */,
			);
			path = Assets;
			sourceTree = "<group>";
		};
		F33926AD1F95095900458551 /* Utils */ = {
			isa = PBXGroup;
			children = (
				F33926B41F958A8500458551 /* UIViewController+Utils.swift */,
			);
			path = Utils;
			sourceTree = "<group>";
		};
		F33926AE1F95096500458551 /* Playback Audio */ = {
			isa = PBXGroup;
			children = (
				F33926A61F942D5A00458551 /* PlaybackAudioViewController.swift */,
				F33926A81F94582600458551 /* PlaybackAudioViewController+Audio.swift */,
			);
			path = "Playback Audio";
			sourceTree = "<group>";
		};
		F33926AF1F95097500458551 /* Record Audio */ = {
			isa = PBXGroup;
			children = (
				F397A4971F939FBD008C9D8A /* RecordAudioViewController.swift */,
				F37694551F965E77003C4325 /* RecordAudioViewController+UIConfiguration.swift */,
				F37694531F965C99003C4325 /* RecordAudioViewController+AVAudioRecorder.swift */,
			);
			path = "Record Audio";
			sourceTree = "<group>";
		};
		F397A4891F939FBC008C9D8A = {
			isa = PBXGroup;
			children = (
				F33926B01F9509C400458551 /* Default-568h@2x.png */,
				F397A4941F939FBD008C9D8A /* PitchPerfect */,
				F397A4931F939FBD008C9D8A /* Products */,
			);
			sourceTree = "<group>";
		};
		F397A4931F939FBD008C9D8A /* Products */ = {
			isa = PBXGroup;
			children = (
				F397A4921F939FBD008C9D8A /* PitchPerfect.app */,
			);
			name = Products;
			sourceTree = "<group>";
		};
		F397A4941F939FBD008C9D8A /* PitchPerfect */ = {
			isa = PBXGroup;
			children = (
				F33926AD1F95095900458551 /* Utils */,
				F33926AA1F95093A00458551 /* Controller */,
				F33926AB1F95094900458551 /* Storyboards */,
				F33926AC1F95095200458551 /* Assets */,
				F397A4951F939FBD008C9D8A /* AppDelegate.swift */,
				F397A4A11F939FBD008C9D8A /* Info.plist */,
			);
			path = PitchPerfect;
			sourceTree = "<group>";
		};
/* End PBXGroup section */

/* Begin PBXNativeTarget section */
		F397A4911F939FBD008C9D8A /* PitchPerfect */ = {
			isa = PBXNativeTarget;
			buildConfigurationList = F397A4A41F939FBD008C9D8A /* Build configuration list for PBXNativeTarget "PitchPerfect" */;
			buildPhases = (
				F397A48E1F939FBD008C9D8A /* Sources */,
				F397A48F1F939FBD008C9D8A /* Frameworks */,
				F397A4901F939FBD008C9D8A /* Resources */,
			);
			buildRules = (
			);
			dependencies = (
			);
			name = PitchPerfect;
			productName = PitchPerfect;
			productReference = F397A4921F939FBD008C9D8A /* PitchPerfect.app */;
			productType = "com.apple.product-type.application";
		};
/* End PBXNativeTarget section */

/* Begin PBXProject section */
		F397A48A1F939FBC008C9D8A /* Project object */ = {
			isa = PBXProject;
			attributes = {
				KnownAssetTags = (
					1,
				);
				LastSwiftUpdateCheck = 0900;
				LastUpgradeCheck = 0900;
				ORGANIZATIONNAME = Omeileo;
				TargetAttributes = {
					F397A4911F939FBD008C9D8A = {
						CreatedOnToolsVersion = 9.0;
						ProvisioningStyle = Automatic;
					};
				};
			};
			buildConfigurationList = F397A48D1F939FBC008C9D8A /* Build configuration list for PBXProject "PitchPerfect" */;
			compatibilityVersion = "Xcode 8.0";
			developmentRegion = en;
			hasScannedForEncodings = 0;
			knownRegions = (
				en,
				Base,
			);
			mainGroup = F397A4891F939FBC008C9D8A;
			productRefGroup = F397A4931F939FBD008C9D8A /* Products */;
			projectDirPath = "";
			projectRoot = "";
			targets = (
				F397A4911F939FBD008C9D8A /* PitchPerfect */,
			);
		};
/* End PBXProject section */

/* Begin PBXResourcesBuildPhase section */
		F397A4901F939FBD008C9D8A /* Resources */ = {
			isa = PBXResourcesBuildPhase;
			buildActionMask = 2147483647;
			files = (
				F397A4A01F939FBD008C9D8A /* LaunchScreen.storyboard in Resources */,
				F33926B11F9509C400458551 /* Default-568h@2x.png in Resources */,
				F397A49D1F939FBD008C9D8A /* Assets.xcassets in Resources */,
				F397A49B1F939FBD008C9D8A /* Main.storyboard in Resources */,
			);
			runOnlyForDeploymentPostprocessing = 0;
		};
/* End PBXResourcesBuildPhase section */

/* Begin PBXSourcesBuildPhase section */
		F397A48E1F939FBD008C9D8A /* Sources */ = {
			isa = PBXSourcesBuildPhase;
			buildActionMask = 2147483647;
			files = (
				F33926A71F942D5A00458551 /* PlaybackAudioViewController.swift in Sources */,
				F397A4981F939FBD008C9D8A /* RecordAudioViewController.swift in Sources */,
				F37694541F965C99003C4325 /* RecordAudioViewController+AVAudioRecorder.swift in Sources */,
				F37694561F965E77003C4325 /* RecordAudioViewController+UIConfiguration.swift in Sources */,
				F397A4961F939FBD008C9D8A /* AppDelegate.swift in Sources */,
				F33926A91F94582600458551 /* PlaybackAudioViewController+Audio.swift in Sources */,
				F33926B51F958A8500458551 /* UIViewController+Utils.swift in Sources */,
			);
			runOnlyForDeploymentPostprocessing = 0;
		};
/* End PBXSourcesBuildPhase section */

/* Begin PBXVariantGroup section */
		F397A4991F939FBD008C9D8A /* Main.storyboard */ = {
			isa = PBXVariantGroup;
			children = (
				F397A49A1F939FBD008C9D8A /* Base */,
			);
			name = Main.storyboard;
			sourceTree = "<group>";
		};
		F397A49E1F939FBD008C9D8A /* LaunchScreen.storyboard */ = {
			isa = PBXVariantGroup;
			children = (
				F397A49F1F939FBD008C9D8A /* Base */,
			);
			name = LaunchScreen.storyboard;
			sourceTree = "<group>";
		};
/* End PBXVariantGroup section */

/* Begin XCBuildConfiguration section */
		F397A4A21F939FBD008C9D8A /* Debug */ = {
			isa = XCBuildConfiguration;
			buildSettings = {
				ALWAYS_SEARCH_USER_PATHS = NO;
				CLANG_ANALYZER_NONNULL = YES;
				CLANG_ANALYZER_NUMBER_OBJECT_CONVERSION = YES_AGGRESSIVE;
				CLANG_CXX_LANGUAGE_STANDARD = "gnu++14";
				CLANG_CXX_LIBRARY = "libc++";
				CLANG_ENABLE_MODULES = YES;
				CLANG_ENABLE_OBJC_ARC = YES;
				CLANG_WARN_BLOCK_CAPTURE_AUTORELEASING = YES;
				CLANG_WARN_BOOL_CONVERSION = YES;
				CLANG_WARN_COMMA = YES;
				CLANG_WARN_CONSTANT_CONVERSION = YES;
				CLANG_WARN_DIRECT_OBJC_ISA_USAGE = YES_ERROR;
				CLANG_WARN_DOCUMENTATION_COMMENTS = YES;
				CLANG_WARN_EMPTY_BODY = YES;
				CLANG_WARN_ENUM_CONVERSION = YES;
				CLANG_WARN_INFINITE_RECURSION = YES;
				CLANG_WARN_INT_CONVERSION = YES;
				CLANG_WARN_NON_LITERAL_NULL_CONVERSION = YES;
				CLANG_WARN_OBJC_LITERAL_CONVERSION = YES;
				CLANG_WARN_OBJC_ROOT_CLASS = YES_ERROR;
				CLANG_WARN_RANGE_LOOP_ANALYSIS = YES;
				CLANG_WARN_STRICT_PROTOTYPES = YES;
				CLANG_WARN_SUSPICIOUS_MOVE = YES;
				CLANG_WARN_UNGUARDED_AVAILABILITY = YES_AGGRESSIVE;
				CLANG_WARN_UNREACHABLE_CODE = YES;
				CLANG_WARN__DUPLICATE_METHOD_MATCH = YES;
				CODE_SIGN_IDENTITY = "iPhone Developer";
				COPY_PHASE_STRIP = NO;
				DEBUG_INFORMATION_FORMAT = dwarf;
				ENABLE_STRICT_OBJC_MSGSEND = YES;
				ENABLE_TESTABILITY = YES;
				GCC_C_LANGUAGE_STANDARD = gnu11;
				GCC_DYNAMIC_NO_PIC = NO;
				GCC_NO_COMMON_BLOCKS = YES;
				GCC_OPTIMIZATION_LEVEL = 0;
				GCC_PREPROCESSOR_DEFINITIONS = (
					"DEBUG=1",
					"$(inherited)",
				);
				GCC_WARN_64_TO_32_BIT_CONVERSION = YES;
				GCC_WARN_ABOUT_RETURN_TYPE = YES_ERROR;
				GCC_WARN_UNDECLARED_SELECTOR = YES;
				GCC_WARN_UNINITIALIZED_AUTOS = YES_AGGRESSIVE;
				GCC_WARN_UNUSED_FUNCTION = YES;
				GCC_WARN_UNUSED_VARIABLE = YES;
				IPHONEOS_DEPLOYMENT_TARGET = 11.0;
				MTL_ENABLE_DEBUG_INFO = YES;
				ONLY_ACTIVE_ARCH = YES;
				SDKROOT = iphoneos;
				SWIFT_ACTIVE_COMPILATION_CONDITIONS = DEBUG;
				SWIFT_OPTIMIZATION_LEVEL = "-Onone";
			};
			name = Debug;
		};
		F397A4A31F939FBD008C9D8A /* Release */ = {
			isa = XCBuildConfiguration;
			buildSettings = {
				ALWAYS_SEARCH_USER_PATHS = NO;
				CLANG_ANALYZER_NONNULL = YES;
				CLANG_ANALYZER_NUMBER_OBJECT_CONVERSION = YES_AGGRESSIVE;
				CLANG_CXX_LANGUAGE_STANDARD = "gnu++14";
				CLANG_CXX_LIBRARY = "libc++";
				CLANG_ENABLE_MODULES = YES;
				CLANG_ENABLE_OBJC_ARC = YES;
				CLANG_WARN_BLOCK_CAPTURE_AUTORELEASING = YES;
				CLANG_WARN_BOOL_CONVERSION = YES;
				CLANG_WARN_COMMA = YES;
				CLANG_WARN_CONSTANT_CONVERSION = YES;
				CLANG_WARN_DIRECT_OBJC_ISA_USAGE = YES_ERROR;
				CLANG_WARN_DOCUMENTATION_COMMENTS = YES;
				CLANG_WARN_EMPTY_BODY = YES;
				CLANG_WARN_ENUM_CONVERSION = YES;
				CLANG_WARN_INFINITE_RECURSION = YES;
				CLANG_WARN_INT_CONVERSION = YES;
				CLANG_WARN_NON_LITERAL_NULL_CONVERSION = YES;
				CLANG_WARN_OBJC_LITERAL_CONVERSION = YES;
				CLANG_WARN_OBJC_ROOT_CLASS = YES_ERROR;
				CLANG_WARN_RANGE_LOOP_ANALYSIS = YES;
				CLANG_WARN_STRICT_PROTOTYPES = YES;
				CLANG_WARN_SUSPICIOUS_MOVE = YES;
				CLANG_WARN_UNGUARDED_AVAILABILITY = YES_AGGRESSIVE;
				CLANG_WARN_UNREACHABLE_CODE = YES;
				CLANG_WARN__DUPLICATE_METHOD_MATCH = YES;
				CODE_SIGN_IDENTITY = "iPhone Developer";
				COPY_PHASE_STRIP = NO;
				DEBUG_INFORMATION_FORMAT = "dwarf-with-dsym";
				ENABLE_NS_ASSERTIONS = NO;
				ENABLE_STRICT_OBJC_MSGSEND = YES;
				GCC_C_LANGUAGE_STANDARD = gnu11;
				GCC_NO_COMMON_BLOCKS = YES;
				GCC_WARN_64_TO_32_BIT_CONVERSION = YES;
				GCC_WARN_ABOUT_RETURN_TYPE = YES_ERROR;
				GCC_WARN_UNDECLARED_SELECTOR = YES;
				GCC_WARN_UNINITIALIZED_AUTOS = YES_AGGRESSIVE;
				GCC_WARN_UNUSED_FUNCTION = YES;
				GCC_WARN_UNUSED_VARIABLE = YES;
				IPHONEOS_DEPLOYMENT_TARGET = 11.0;
				MTL_ENABLE_DEBUG_INFO = NO;
				SDKROOT = iphoneos;
				SWIFT_OPTIMIZATION_LEVEL = "-Owholemodule";
				VALIDATE_PRODUCT = YES;
			};
			name = Release;
		};
		F397A4A51F939FBD008C9D8A /* Debug */ = {
			isa = XCBuildConfiguration;
			buildSettings = {
				ASSETCATALOG_COMPILER_APPICON_NAME = AppIcon;
				CODE_SIGN_STYLE = Automatic;
				DEVELOPMENT_TEAM = ZPFHBBTQY8;
				INFOPLIST_FILE = PitchPerfect/Info.plist;
				LD_RUNPATH_SEARCH_PATHS = "$(inherited) @executable_path/Frameworks";
				PRODUCT_BUNDLE_IDENTIFIER = com.omeileo.PitchPerfect;
				PRODUCT_NAME = "$(TARGET_NAME)";
				SWIFT_VERSION = 4.0;
				TARGETED_DEVICE_FAMILY = "1,2";
			};
			name = Debug;
		};
		F397A4A61F939FBD008C9D8A /* Release */ = {
			isa = XCBuildConfiguration;
			buildSettings = {
				ASSETCATALOG_COMPILER_APPICON_NAME = AppIcon;
				CODE_SIGN_STYLE = Automatic;
				DEVELOPMENT_TEAM = ZPFHBBTQY8;
				INFOPLIST_FILE = PitchPerfect/Info.plist;
				LD_RUNPATH_SEARCH_PATHS = "$(inherited) @executable_path/Frameworks";
				PRODUCT_BUNDLE_IDENTIFIER = com.omeileo.PitchPerfect;
				PRODUCT_NAME = "$(TARGET_NAME)";
				SWIFT_VERSION = 4.0;
				TARGETED_DEVICE_FAMILY = "1,2";
			};
			name = Release;
		};
/* End XCBuildConfiguration section */

/* Begin XCConfigurationList section */
		F397A48D1F939FBC008C9D8A /* Build configuration list for PBXProject "PitchPerfect" */ = {
			isa = XCConfigurationList;
			buildConfigurations = (
				F397A4A21F939FBD008C9D8A /* Debug */,
				F397A4A31F939FBD008C9D8A /* Release */,
			);
			defaultConfigurationIsVisible = 0;
			defaultConfigurationName = Release;
		};
		F397A4A41F939FBD008C9D8A /* Build configuration list for PBXNativeTarget "PitchPerfect" */ = {
			isa = XCConfigurationList;
			buildConfigurations = (
				F397A4A51F939FBD008C9D8A /* Debug */,
				F397A4A61F939FBD008C9D8A /* Release */,
			);
			defaultConfigurationIsVisible = 0;
			defaultConfigurationName = Release;
		};
/* End XCConfigurationList section */
	};
	rootObject = F397A48A1F939FBC008C9D8A /* Project object */;
}
